
Microsoft Visual Studio Solution File, Format Version 12.00
# Visual Studio Version 17
VisualStudioVersion = 17.5.33627.172
MinimumVisualStudioVersion = 10.0.40219.1
Project("{FAE04EC0-301F-11D3-BF4B-00C04F79EFBC}") = "ADS_lab_3", "ADS_lab_3\ADS_lab_3.csproj", "{938CFC53-1E8A-4F9E-A6D5-6FC7680A097A}"
EndProject
Project("{FAE04EC0-301F-11D3-BF4B-00C04F79EFBC}") = "ADS_lab_2", "..\..\..\Lab_2\Lab2\ADS_lab_2\ADS_lab_2.csproj", "{D604808C-8C6D-4D3F-81D1-3F0734F8BB74}"
EndProject
Global
	GlobalSection(SolutionConfigurationPlatforms) = preSolution
		Debug|Any CPU = Debug|Any CPU
		Release|Any CPU = Release|Any CPU
	EndGlobalSection
	GlobalSection(ProjectConfigurationPlatforms) = postSolution
		{938CFC53-1E8A-4F9E-A6D5-6FC7680A097A}.Debug|Any CPU.ActiveCfg = Debug|Any CPU
		{938CFC53-1E8A-4F9E-A6D5-6FC7680A097A}.Debug|Any CPU.Build.0 = Debug|Any CPU
		{938CFC53-1E8A-4F9E-A6D5-6FC7680A097A}.Release|Any CPU.ActiveCfg = Release|Any CPU
		{938CFC53-1E8A-4F9E-A6D5-6FC7680A097A}.Release|Any CPU.Build.0 = Release|Any CPU
		{D604808C-8C6D-4D3F-81D1-3F0734F8BB74}.Debug|Any CPU.ActiveCfg = Debug|Any CPU
		{D604808C-8C6D-4D3F-81D1-3F0734F8BB74}.Debug|Any CPU.Build.0 = Debug|Any CPU
		{D604808C-8C6D-4D3F-81D1-3F0734F8BB74}.Release|Any CPU.ActiveCfg = Release|Any CPU
		{D604808C-8C6D-4D3F-81D1-3F0734F8BB74}.Release|Any CPU.Build.0 = Release|Any CPU
	EndGlobalSection
	GlobalSection(SolutionProperties) = preSolution
		HideSolutionNode = FALSE
	EndGlobalSection
	GlobalSection(ExtensibilityGlobals) = postSolution
		SolutionGuid = {5AAF5484-860A-43A8-AD9C-61D31AAC003E}
	EndGlobalSection
EndGlobal
